
Microsoft Visual Studio Solution File, Format Version 12.00
# Visual Studio 15
VisualStudioVersion = 15.0.27428.2015
MinimumVisualStudioVersion = 10.0.40219.1
Project("{FAE04EC0-301F-11D3-BF4B-00C04F79EFBC}") = "Programmering1_7.1.10", "Programmering1_7.1.10\Programmering1_7.1.10.csproj", "{62B6D7AA-9D58-498B-B5FF-42ABBE6B82EF}"
EndProject
Global
	GlobalSection(SolutionConfigurationPlatforms) = preSolution
		Debug|Any CPU = Debug|Any CPU
		Release|Any CPU = Release|Any CPU
	EndGlobalSection
	GlobalSection(ProjectConfigurationPlatforms) = postSolution
		{62B6D7AA-9D58-498B-B5FF-42ABBE6B82EF}.Debug|Any CPU.ActiveCfg = Debug|Any CPU
		{62B6D7AA-9D58-498B-B5FF-42ABBE6B82EF}.Debug|Any CPU.Build.0 = Debug|Any CPU
		{62B6D7AA-9D58-498B-B5FF-42ABBE6B82EF}.Release|Any CPU.ActiveCfg = Release|Any CPU
		{62B6D7AA-9D58-498B-B5FF-42ABBE6B82EF}.Release|Any CPU.Build.0 = Release|Any CPU
	EndGlobalSection
	GlobalSection(SolutionProperties) = preSolution
		HideSolutionNode = FALSE
	EndGlobalSection
	GlobalSection(ExtensibilityGlobals) = postSolution
		SolutionGuid = {25D4AAA9-7586-4986-8E15-B527D3D165FC}
	EndGlobalSection
EndGlobal
